
Microsoft Visual Studio Solution File, Format Version 12.00
# Visual Studio Version 17
VisualStudioVersion = 17.9.34622.214
MinimumVisualStudioVersion = 10.0.40219.1
Project("{FAE04EC0-301F-11D3-BF4B-00C04F79EFBC}") = "Assignment", "Assignment\Assignment.csproj", "{1BFF1CF1-AFB8-4FFC-812F-8EECDDF6ED7A}"
EndProject
Global
	GlobalSection(SolutionConfigurationPlatforms) = preSolution
		Debug|Any CPU = Debug|Any CPU
		Release|Any CPU = Release|Any CPU
	EndGlobalSection
	GlobalSection(ProjectConfigurationPlatforms) = postSolution
		{1BFF1CF1-AFB8-4FFC-812F-8EECDDF6ED7A}.Debug|Any CPU.ActiveCfg = Debug|Any CPU
		{1BFF1CF1-AFB8-4FFC-812F-8EECDDF6ED7A}.Debug|Any CPU.Build.0 = Debug|Any CPU
		{1BFF1CF1-AFB8-4FFC-812F-8EECDDF6ED7A}.Release|Any CPU.ActiveCfg = Release|Any CPU
		{1BFF1CF1-AFB8-4FFC-812F-8EECDDF6ED7A}.Release|Any CPU.Build.0 = Release|Any CPU
	EndGlobalSection
	GlobalSection(SolutionProperties) = preSolution
		HideSolutionNode = FALSE
	EndGlobalSection
	GlobalSection(ExtensibilityGlobals) = postSolution
		SolutionGuid = {3845E483-DFBD-42FE-952E-CE7D9F42A04A}
	EndGlobalSection
EndGlobal
